
Microsoft Visual Studio Solution File, Format Version 12.00
Project("{FAE04EC0-301F-11D3-BF4B-00C04F79EFBC}") = "ZiziBot.Application", "backend\ZiziBot.Application\ZiziBot.Application.csproj", "{1FCA3C93-B5F5-A5E1-13F0-F926A78B893E}"
EndProject
Project("{FAE04EC0-301F-11D3-BF4B-00C04F79EFBC}") = "ZiziBot.Cli", "backend\ZiziBot.Cli\ZiziBot.Cli.csproj", "{B8890EA5-A267-1DF2-2BBB-7502598F6C93}"
EndProject
Project("{FAE04EC0-301F-11D3-BF4B-00C04F79EFBC}") = "ZiziBot.Common", "backend\ZiziBot.Common\ZiziBot.Common.csproj", "{E0A20190-2E67-BC7A-B480-F0B56F863C15}"
EndProject
Project("{FAE04EC0-301F-11D3-BF4B-00C04F79EFBC}") = "ZiziBot.Engine", "backend\ZiziBot.Engine\ZiziBot.Engine.csproj", "{24E698DE-CE80-FD14-EEC3-5EBACDC23C04}"
EndProject
Project("{FAE04EC0-301F-11D3-BF4B-00C04F79EFBC}") = "ZiziBot.Presentation", "backend\ZiziBot.Presentation\ZiziBot.Presentation.csproj", "{B103D4DD-7BAF-1F69-1950-E858E513BD07}"
EndProject
Project("{FAE04EC0-301F-11D3-BF4B-00C04F79EFBC}") = "ZiziBot.Tests", "backend\ZiziBot.Tests\ZiziBot.Tests.csproj", "{52909026-F339-8034-15B9-06B5F4B089DB}"
EndProject
Project("{FAE04EC0-301F-11D3-BF4B-00C04F79EFBC}") = "ZiziBot.TelegramBot.Framework", "backend\lib\ZiziBot.TelegramBot\ZiziBot.TelegramBot.Framework\ZiziBot.TelegramBot.Framework.csproj", "{0736FD02-4A3E-DC58-34B5-02263E6F2AE2}"
EndProject
Project("{FAE04EC0-301F-11D3-BF4B-00C04F79EFBC}") = "ZiziBot.TelegramBot.Sample", "backend\lib\ZiziBot.TelegramBot\ZiziBot.TelegramBot.Sample\ZiziBot.TelegramBot.Sample.csproj", "{1AB76407-D897-2377-4271-6C83E269503D}"
EndProject
Project("{2150E333-8FDC-42A3-9474-1A3956D46DE8}") = "lib", "lib", "{3A8DF596-E814-FECC-DD4B-D8EF8AAC1A0D}"
EndProject
Global
	GlobalSection(SolutionConfigurationPlatforms) = preSolution
		Debug|Any CPU = Debug|Any CPU
		Release|Any CPU = Release|Any CPU
	EndGlobalSection
	GlobalSection(ProjectConfigurationPlatforms) = postSolution
		{1FCA3C93-B5F5-A5E1-13F0-F926A78B893E}.Debug|Any CPU.ActiveCfg = Debug|Any CPU
		{1FCA3C93-B5F5-A5E1-13F0-F926A78B893E}.Debug|Any CPU.Build.0 = Debug|Any CPU
		{1FCA3C93-B5F5-A5E1-13F0-F926A78B893E}.Release|Any CPU.ActiveCfg = Release|Any CPU
		{1FCA3C93-B5F5-A5E1-13F0-F926A78B893E}.Release|Any CPU.Build.0 = Release|Any CPU
		{B8890EA5-A267-1DF2-2BBB-7502598F6C93}.Debug|Any CPU.ActiveCfg = Debug|Any CPU
		{B8890EA5-A267-1DF2-2BBB-7502598F6C93}.Debug|Any CPU.Build.0 = Debug|Any CPU
		{B8890EA5-A267-1DF2-2BBB-7502598F6C93}.Release|Any CPU.ActiveCfg = Release|Any CPU
		{B8890EA5-A267-1DF2-2BBB-7502598F6C93}.Release|Any CPU.Build.0 = Release|Any CPU
		{E0A20190-2E67-BC7A-B480-F0B56F863C15}.Debug|Any CPU.ActiveCfg = Debug|Any CPU
		{E0A20190-2E67-BC7A-B480-F0B56F863C15}.Debug|Any CPU.Build.0 = Debug|Any CPU
		{E0A20190-2E67-BC7A-B480-F0B56F863C15}.Release|Any CPU.ActiveCfg = Release|Any CPU
		{E0A20190-2E67-BC7A-B480-F0B56F863C15}.Release|Any CPU.Build.0 = Release|Any CPU
		{24E698DE-CE80-FD14-EEC3-5EBACDC23C04}.Debug|Any CPU.ActiveCfg = Debug|Any CPU
		{24E698DE-CE80-FD14-EEC3-5EBACDC23C04}.Debug|Any CPU.Build.0 = Debug|Any CPU
		{24E698DE-CE80-FD14-EEC3-5EBACDC23C04}.Release|Any CPU.ActiveCfg = Release|Any CPU
		{24E698DE-CE80-FD14-EEC3-5EBACDC23C04}.Release|Any CPU.Build.0 = Release|Any CPU
		{B103D4DD-7BAF-1F69-1950-E858E513BD07}.Debug|Any CPU.ActiveCfg = Debug|Any CPU
		{B103D4DD-7BAF-1F69-1950-E858E513BD07}.Debug|Any CPU.Build.0 = Debug|Any CPU
		{B103D4DD-7BAF-1F69-1950-E858E513BD07}.Release|Any CPU.ActiveCfg = Release|Any CPU
		{B103D4DD-7BAF-1F69-1950-E858E513BD07}.Release|Any CPU.Build.0 = Release|Any CPU
		{52909026-F339-8034-15B9-06B5F4B089DB}.Debug|Any CPU.ActiveCfg = Debug|Any CPU
		{52909026-F339-8034-15B9-06B5F4B089DB}.Debug|Any CPU.Build.0 = Debug|Any CPU
		{52909026-F339-8034-15B9-06B5F4B089DB}.Release|Any CPU.ActiveCfg = Release|Any CPU
		{52909026-F339-8034-15B9-06B5F4B089DB}.Release|Any CPU.Build.0 = Release|Any CPU
		{0736FD02-4A3E-DC58-34B5-02263E6F2AE2}.Debug|Any CPU.ActiveCfg = Debug|Any CPU
		{0736FD02-4A3E-DC58-34B5-02263E6F2AE2}.Debug|Any CPU.Build.0 = Debug|Any CPU
		{0736FD02-4A3E-DC58-34B5-02263E6F2AE2}.Release|Any CPU.ActiveCfg = Release|Any CPU
		{0736FD02-4A3E-DC58-34B5-02263E6F2AE2}.Release|Any CPU.Build.0 = Release|Any CPU
		{1AB76407-D897-2377-4271-6C83E269503D}.Debug|Any CPU.ActiveCfg = Debug|Any CPU
		{1AB76407-D897-2377-4271-6C83E269503D}.Debug|Any CPU.Build.0 = Debug|Any CPU
		{1AB76407-D897-2377-4271-6C83E269503D}.Release|Any CPU.ActiveCfg = Release|Any CPU
		{1AB76407-D897-2377-4271-6C83E269503D}.Release|Any CPU.Build.0 = Release|Any CPU
	EndGlobalSection
	GlobalSection(NestedProjects) = preSolution
		{0736FD02-4A3E-DC58-34B5-02263E6F2AE2} = {3A8DF596-E814-FECC-DD4B-D8EF8AAC1A0D}
		{1AB76407-D897-2377-4271-6C83E269503D} = {3A8DF596-E814-FECC-DD4B-D8EF8AAC1A0D}
	EndGlobalSection
EndGlobal
