
Microsoft Visual Studio Solution File, Format Version 12.00
# Visual Studio Version 17
VisualStudioVersion = 17.7.33808.371
MinimumVisualStudioVersion = 10.0.40219.1
Project("{9A19103F-16F7-4668-BE54-9A1E7A4F7556}") = "ZiziBot.Engine", "backend\ZiziBot.Engine\ZiziBot.Engine.csproj", "{9454DA98-FEC7-4650-97F8-28E06AC0E161}"
EndProject
Project("{9A19103F-16F7-4668-BE54-9A1E7A4F7556}") = "ZiziBot.Application", "backend\ZiziBot.Application\ZiziBot.Application.csproj", "{963EB345-2B65-4EAB-9B67-4C448AB0EA67}"
EndProject
Project("{9A19103F-16F7-4668-BE54-9A1E7A4F7556}") = "ZiziBot.Tests", "backend\ZiziBot.Tests\ZiziBot.Tests.csproj", "{E0F0B405-D9BE-4AF5-B35F-A2E9CFC6212D}"
EndProject
Project("{9A19103F-16F7-4668-BE54-9A1E7A4F7556}") = "ZiziBot.Interfaces", "backend\ZiziBot.Interfaces\ZiziBot.Interfaces.csproj", "{C499A87C-80D1-4ADA-9902-AB028989B819}"
EndProject
Project("{9A19103F-16F7-4668-BE54-9A1E7A4F7556}") = "ZiziBot.Infrastructure", "backend\ZiziBot.Infrastructure\ZiziBot.Infrastructure.csproj", "{599E5C4A-1553-4168-9630-731898923F55}"
EndProject
Project("{9A19103F-16F7-4668-BE54-9A1E7A4F7556}") = "ZiziBot.Hangfire", "backend\ZiziBot.Hangfire\ZiziBot.Hangfire.csproj", "{E6B44B13-69D0-4F9F-B920-AC4E1302C77D}"
EndProject
Project("{9A19103F-16F7-4668-BE54-9A1E7A4F7556}") = "ZiziBot.Utils", "backend\ZiziBot.Utils\ZiziBot.Utils.csproj", "{89E46060-20FC-44F2-BB93-FE52F20BCCC7}"
EndProject
Project("{9A19103F-16F7-4668-BE54-9A1E7A4F7556}") = "ZiziBot.DataSource", "backend\ZiziBot.DataSource\ZiziBot.DataSource.csproj", "{C284CD70-E4AD-4467-9ACF-9676A6C47FE9}"
EndProject
Project("{9A19103F-16F7-4668-BE54-9A1E7A4F7556}") = "ZiziBot.Caching", "backend\ZiziBot.Caching\ZiziBot.Caching.csproj", "{D1BBF5D0-040B-4D35-B2C2-C1D2A0E39EC5}"
EndProject
Project("{9A19103F-16F7-4668-BE54-9A1E7A4F7556}") = "ZiziBot.Contracts", "backend\ZiziBot.Contracts\ZiziBot.Contracts.csproj", "{16767C44-0615-4E11-A8BE-FC37B2BAAAA6}"
EndProject
Project("{9A19103F-16F7-4668-BE54-9A1E7A4F7556}") = "ZiziBot.WebApi", "backend\ZiziBot.WebApi\ZiziBot.WebApi.csproj", "{40D04ABC-79D3-46C9-B633-E072FC95CC6B}"
EndProject
Project("{9A19103F-16F7-4668-BE54-9A1E7A4F7556}") = "ZiziBot.Allowed.TelegramBot", "backend\ZiziBot.Allowed.TelegramBot\ZiziBot.Allowed.TelegramBot.csproj", "{0077AEC5-176A-479E-BFF8-DEDED8AED8ED}"
EndProject
Project("{9A19103F-16F7-4668-BE54-9A1E7A4F7556}") = "ZiziBot.DiscordNet.DiscordBot", "backend\ZiziBot.DiscordNet.DiscordBot\ZiziBot.DiscordNet.DiscordBot.csproj", "{5D7C3C27-DF36-45FA-9BA0-E9AB6FA8472E}"
EndProject
Project("{9A19103F-16F7-4668-BE54-9A1E7A4F7556}") = "ZiziBot.Parsers", "backend\ZiziBot.Parsers\ZiziBot.Parsers.csproj", "{83C4230F-BF1D-46CC-906C-BCF18BA7743F}"
EndProject
Project("{9A19103F-16F7-4668-BE54-9A1E7A4F7556}") = "ZiziBot.Exceptions", "backend\ZiziBot.Exceptions\ZiziBot.Exceptions.csproj", "{56021253-FE42-4C56-91C6-730D347D50AD}"
EndProject
Project("{9A19103F-16F7-4668-BE54-9A1E7A4F7556}") = "ZiziBot.Kot.MongoMigrations", "backend\ZiziBot.Kot.MongoMigrations\ZiziBot.Kot.MongoMigrations.csproj", "{ECAA90F2-9117-4FAC-8537-C8DEE128685F}"
EndProject
Project("{9A19103F-16F7-4668-BE54-9A1E7A4F7556}") = "ZiziBot.Cli", "backend\ZiziBot.Cli\ZiziBot.Cli.csproj", "{CA09F317-6C7A-4905-80FE-B197BA1CF4FE}"
EndProject
Project("{2150E333-8FDC-42A3-9474-1A3956D46DE8}") = "01. Host", "01. Host", "{7AFBFE44-9E0A-4152-ADAD-0D247F4C3BB9}"
EndProject
Project("{2150E333-8FDC-42A3-9474-1A3956D46DE8}") = "02. Bots", "02. Bots", "{838ADAC4-FF5A-428E-AF75-C8498777D0F6}"
EndProject
Project("{2150E333-8FDC-42A3-9474-1A3956D46DE8}") = "03. Infrastructure", "03. Infrastructure", "{066DBC16-2D09-40AC-AE0C-8D8D519395F0}"
EndProject
Project("{2150E333-8FDC-42A3-9474-1A3956D46DE8}") = "04. Usecase", "04. Usecase", "{77C0CF9B-B088-4BB0-A6E2-572B76969F44}"
EndProject
Project("{2150E333-8FDC-42A3-9474-1A3956D46DE8}") = "05. Features", "05. Features", "{451F7CAB-39D5-47A3-ADF0-2DFE8AD9F95A}"
EndProject
Project("{2150E333-8FDC-42A3-9474-1A3956D46DE8}") = "07. Stuff", "07. Stuff", "{08553CD9-6F0F-489D-8C1E-512C51438FD2}"
EndProject
Project("{2150E333-8FDC-42A3-9474-1A3956D46DE8}") = "09. Data", "09. Data", "{1D5062C1-B87A-4FF6-B542-87082E052414}"
EndProject
Project("{2150E333-8FDC-42A3-9474-1A3956D46DE8}") = "11. Tests", "11. Tests", "{F431E4C3-5525-4A5B-B598-73E17C46101F}"
EndProject
Project("{9A19103F-16F7-4668-BE54-9A1E7A4F7556}") = "ZiziBot.Console", "backend\ZiziBot.Console\ZiziBot.Console.csproj", "{1F47415C-ECF8-4C6F-8C58-71053BAC1AE5}"
EndProject
Project("{9A19103F-16F7-4668-BE54-9A1E7A4F7556}") = "ZiziBot.Attributes", "backend\ZiziBot.Attributes\ZiziBot.Attributes.csproj", "{C924F562-7B58-4DEC-85FE-1CD8DEFEAB4F}"
EndProject
Project("{9A19103F-16F7-4668-BE54-9A1E7A4F7556}") = "ZiziBot.Types", "backend\ZiziBot.Types\ZiziBot.Types.csproj", "{C8C3B334-D515-4CC3-A515-8554BCC8B5DD}"
EndProject
Project("{9A19103F-16F7-4668-BE54-9A1E7A4F7556}") = "ZiziBot.Services", "backend\ZiziBot.Services\ZiziBot.Services.csproj", "{41FE421C-80A8-48E9-BA15-D4B127D7B8E3}"
EndProject
Project("{2150E333-8FDC-42A3-9474-1A3956D46DE8}") = "06. Console", "06. Console", "{02A8A617-AFF2-4533-BA11-B60997D6AC6F}"
EndProject
Global
	GlobalSection(SolutionConfigurationPlatforms) = preSolution
		Debug|Any CPU = Debug|Any CPU
		Release|Any CPU = Release|Any CPU
	EndGlobalSection
	GlobalSection(ProjectConfigurationPlatforms) = postSolution
		{9454DA98-FEC7-4650-97F8-28E06AC0E161}.Debug|Any CPU.ActiveCfg = Debug|Any CPU
		{9454DA98-FEC7-4650-97F8-28E06AC0E161}.Debug|Any CPU.Build.0 = Debug|Any CPU
		{9454DA98-FEC7-4650-97F8-28E06AC0E161}.Release|Any CPU.ActiveCfg = Release|Any CPU
		{9454DA98-FEC7-4650-97F8-28E06AC0E161}.Release|Any CPU.Build.0 = Release|Any CPU
		{963EB345-2B65-4EAB-9B67-4C448AB0EA67}.Debug|Any CPU.ActiveCfg = Debug|Any CPU
		{963EB345-2B65-4EAB-9B67-4C448AB0EA67}.Debug|Any CPU.Build.0 = Debug|Any CPU
		{963EB345-2B65-4EAB-9B67-4C448AB0EA67}.Release|Any CPU.ActiveCfg = Release|Any CPU
		{963EB345-2B65-4EAB-9B67-4C448AB0EA67}.Release|Any CPU.Build.0 = Release|Any CPU
		{E0F0B405-D9BE-4AF5-B35F-A2E9CFC6212D}.Debug|Any CPU.ActiveCfg = Debug|Any CPU
		{E0F0B405-D9BE-4AF5-B35F-A2E9CFC6212D}.Debug|Any CPU.Build.0 = Debug|Any CPU
		{E0F0B405-D9BE-4AF5-B35F-A2E9CFC6212D}.Release|Any CPU.ActiveCfg = Release|Any CPU
		{E0F0B405-D9BE-4AF5-B35F-A2E9CFC6212D}.Release|Any CPU.Build.0 = Release|Any CPU
		{C499A87C-80D1-4ADA-9902-AB028989B819}.Debug|Any CPU.ActiveCfg = Debug|Any CPU
		{C499A87C-80D1-4ADA-9902-AB028989B819}.Debug|Any CPU.Build.0 = Debug|Any CPU
		{C499A87C-80D1-4ADA-9902-AB028989B819}.Release|Any CPU.ActiveCfg = Release|Any CPU
		{C499A87C-80D1-4ADA-9902-AB028989B819}.Release|Any CPU.Build.0 = Release|Any CPU
		{599E5C4A-1553-4168-9630-731898923F55}.Debug|Any CPU.ActiveCfg = Debug|Any CPU
		{599E5C4A-1553-4168-9630-731898923F55}.Debug|Any CPU.Build.0 = Debug|Any CPU
		{599E5C4A-1553-4168-9630-731898923F55}.Release|Any CPU.ActiveCfg = Release|Any CPU
		{599E5C4A-1553-4168-9630-731898923F55}.Release|Any CPU.Build.0 = Release|Any CPU
		{E6B44B13-69D0-4F9F-B920-AC4E1302C77D}.Debug|Any CPU.ActiveCfg = Debug|Any CPU
		{E6B44B13-69D0-4F9F-B920-AC4E1302C77D}.Debug|Any CPU.Build.0 = Debug|Any CPU
		{E6B44B13-69D0-4F9F-B920-AC4E1302C77D}.Release|Any CPU.ActiveCfg = Release|Any CPU
		{E6B44B13-69D0-4F9F-B920-AC4E1302C77D}.Release|Any CPU.Build.0 = Release|Any CPU
		{89E46060-20FC-44F2-BB93-FE52F20BCCC7}.Debug|Any CPU.ActiveCfg = Debug|Any CPU
		{89E46060-20FC-44F2-BB93-FE52F20BCCC7}.Debug|Any CPU.Build.0 = Debug|Any CPU
		{89E46060-20FC-44F2-BB93-FE52F20BCCC7}.Release|Any CPU.ActiveCfg = Release|Any CPU
		{89E46060-20FC-44F2-BB93-FE52F20BCCC7}.Release|Any CPU.Build.0 = Release|Any CPU
		{C284CD70-E4AD-4467-9ACF-9676A6C47FE9}.Debug|Any CPU.ActiveCfg = Debug|Any CPU
		{C284CD70-E4AD-4467-9ACF-9676A6C47FE9}.Debug|Any CPU.Build.0 = Debug|Any CPU
		{C284CD70-E4AD-4467-9ACF-9676A6C47FE9}.Release|Any CPU.ActiveCfg = Release|Any CPU
		{C284CD70-E4AD-4467-9ACF-9676A6C47FE9}.Release|Any CPU.Build.0 = Release|Any CPU
		{D1BBF5D0-040B-4D35-B2C2-C1D2A0E39EC5}.Debug|Any CPU.ActiveCfg = Debug|Any CPU
		{D1BBF5D0-040B-4D35-B2C2-C1D2A0E39EC5}.Debug|Any CPU.Build.0 = Debug|Any CPU
		{D1BBF5D0-040B-4D35-B2C2-C1D2A0E39EC5}.Release|Any CPU.ActiveCfg = Release|Any CPU
		{D1BBF5D0-040B-4D35-B2C2-C1D2A0E39EC5}.Release|Any CPU.Build.0 = Release|Any CPU
		{16767C44-0615-4E11-A8BE-FC37B2BAAAA6}.Debug|Any CPU.ActiveCfg = Debug|Any CPU
		{16767C44-0615-4E11-A8BE-FC37B2BAAAA6}.Debug|Any CPU.Build.0 = Debug|Any CPU
		{16767C44-0615-4E11-A8BE-FC37B2BAAAA6}.Release|Any CPU.ActiveCfg = Release|Any CPU
		{16767C44-0615-4E11-A8BE-FC37B2BAAAA6}.Release|Any CPU.Build.0 = Release|Any CPU
		{40D04ABC-79D3-46C9-B633-E072FC95CC6B}.Debug|Any CPU.ActiveCfg = Debug|Any CPU
		{40D04ABC-79D3-46C9-B633-E072FC95CC6B}.Debug|Any CPU.Build.0 = Debug|Any CPU
		{40D04ABC-79D3-46C9-B633-E072FC95CC6B}.Release|Any CPU.ActiveCfg = Release|Any CPU
		{40D04ABC-79D3-46C9-B633-E072FC95CC6B}.Release|Any CPU.Build.0 = Release|Any CPU
		{0077AEC5-176A-479E-BFF8-DEDED8AED8ED}.Debug|Any CPU.ActiveCfg = Debug|Any CPU
		{0077AEC5-176A-479E-BFF8-DEDED8AED8ED}.Debug|Any CPU.Build.0 = Debug|Any CPU
		{0077AEC5-176A-479E-BFF8-DEDED8AED8ED}.Release|Any CPU.ActiveCfg = Release|Any CPU
		{0077AEC5-176A-479E-BFF8-DEDED8AED8ED}.Release|Any CPU.Build.0 = Release|Any CPU
		{5D7C3C27-DF36-45FA-9BA0-E9AB6FA8472E}.Debug|Any CPU.ActiveCfg = Debug|Any CPU
		{5D7C3C27-DF36-45FA-9BA0-E9AB6FA8472E}.Debug|Any CPU.Build.0 = Debug|Any CPU
		{5D7C3C27-DF36-45FA-9BA0-E9AB6FA8472E}.Release|Any CPU.ActiveCfg = Release|Any CPU
		{5D7C3C27-DF36-45FA-9BA0-E9AB6FA8472E}.Release|Any CPU.Build.0 = Release|Any CPU
		{83C4230F-BF1D-46CC-906C-BCF18BA7743F}.Debug|Any CPU.ActiveCfg = Debug|Any CPU
		{83C4230F-BF1D-46CC-906C-BCF18BA7743F}.Debug|Any CPU.Build.0 = Debug|Any CPU
		{83C4230F-BF1D-46CC-906C-BCF18BA7743F}.Release|Any CPU.ActiveCfg = Release|Any CPU
		{83C4230F-BF1D-46CC-906C-BCF18BA7743F}.Release|Any CPU.Build.0 = Release|Any CPU
		{56021253-FE42-4C56-91C6-730D347D50AD}.Debug|Any CPU.ActiveCfg = Debug|Any CPU
		{56021253-FE42-4C56-91C6-730D347D50AD}.Debug|Any CPU.Build.0 = Debug|Any CPU
		{56021253-FE42-4C56-91C6-730D347D50AD}.Release|Any CPU.ActiveCfg = Release|Any CPU
		{56021253-FE42-4C56-91C6-730D347D50AD}.Release|Any CPU.Build.0 = Release|Any CPU
		{ECAA90F2-9117-4FAC-8537-C8DEE128685F}.Debug|Any CPU.ActiveCfg = Debug|Any CPU
		{ECAA90F2-9117-4FAC-8537-C8DEE128685F}.Debug|Any CPU.Build.0 = Debug|Any CPU
		{ECAA90F2-9117-4FAC-8537-C8DEE128685F}.Release|Any CPU.ActiveCfg = Release|Any CPU
		{ECAA90F2-9117-4FAC-8537-C8DEE128685F}.Release|Any CPU.Build.0 = Release|Any CPU
		{CA09F317-6C7A-4905-80FE-B197BA1CF4FE}.Debug|Any CPU.ActiveCfg = Debug|Any CPU
		{CA09F317-6C7A-4905-80FE-B197BA1CF4FE}.Debug|Any CPU.Build.0 = Debug|Any CPU
		{CA09F317-6C7A-4905-80FE-B197BA1CF4FE}.Release|Any CPU.ActiveCfg = Release|Any CPU
		{CA09F317-6C7A-4905-80FE-B197BA1CF4FE}.Release|Any CPU.Build.0 = Release|Any CPU
		{1F47415C-ECF8-4C6F-8C58-71053BAC1AE5}.Debug|Any CPU.ActiveCfg = Debug|Any CPU
		{1F47415C-ECF8-4C6F-8C58-71053BAC1AE5}.Debug|Any CPU.Build.0 = Debug|Any CPU
		{1F47415C-ECF8-4C6F-8C58-71053BAC1AE5}.Release|Any CPU.ActiveCfg = Release|Any CPU
		{1F47415C-ECF8-4C6F-8C58-71053BAC1AE5}.Release|Any CPU.Build.0 = Release|Any CPU
		{C924F562-7B58-4DEC-85FE-1CD8DEFEAB4F}.Debug|Any CPU.ActiveCfg = Debug|Any CPU
		{C924F562-7B58-4DEC-85FE-1CD8DEFEAB4F}.Debug|Any CPU.Build.0 = Debug|Any CPU
		{C924F562-7B58-4DEC-85FE-1CD8DEFEAB4F}.Release|Any CPU.ActiveCfg = Release|Any CPU
		{C924F562-7B58-4DEC-85FE-1CD8DEFEAB4F}.Release|Any CPU.Build.0 = Release|Any CPU
		{C8C3B334-D515-4CC3-A515-8554BCC8B5DD}.Debug|Any CPU.ActiveCfg = Debug|Any CPU
		{C8C3B334-D515-4CC3-A515-8554BCC8B5DD}.Debug|Any CPU.Build.0 = Debug|Any CPU
		{C8C3B334-D515-4CC3-A515-8554BCC8B5DD}.Release|Any CPU.ActiveCfg = Release|Any CPU
		{C8C3B334-D515-4CC3-A515-8554BCC8B5DD}.Release|Any CPU.Build.0 = Release|Any CPU
		{41FE421C-80A8-48E9-BA15-D4B127D7B8E3}.Debug|Any CPU.ActiveCfg = Debug|Any CPU
		{41FE421C-80A8-48E9-BA15-D4B127D7B8E3}.Debug|Any CPU.Build.0 = Debug|Any CPU
		{41FE421C-80A8-48E9-BA15-D4B127D7B8E3}.Release|Any CPU.ActiveCfg = Release|Any CPU
		{41FE421C-80A8-48E9-BA15-D4B127D7B8E3}.Release|Any CPU.Build.0 = Release|Any CPU
	EndGlobalSection
	GlobalSection(SolutionProperties) = preSolution
		HideSolutionNode = FALSE
	EndGlobalSection
	GlobalSection(NestedProjects) = preSolution
		{9454DA98-FEC7-4650-97F8-28E06AC0E161} = {7AFBFE44-9E0A-4152-ADAD-0D247F4C3BB9}
		{963EB345-2B65-4EAB-9B67-4C448AB0EA67} = {77C0CF9B-B088-4BB0-A6E2-572B76969F44}
		{E0F0B405-D9BE-4AF5-B35F-A2E9CFC6212D} = {F431E4C3-5525-4A5B-B598-73E17C46101F}
		{C499A87C-80D1-4ADA-9902-AB028989B819} = {066DBC16-2D09-40AC-AE0C-8D8D519395F0}
		{599E5C4A-1553-4168-9630-731898923F55} = {066DBC16-2D09-40AC-AE0C-8D8D519395F0}
		{E6B44B13-69D0-4F9F-B920-AC4E1302C77D} = {451F7CAB-39D5-47A3-ADF0-2DFE8AD9F95A}
		{89E46060-20FC-44F2-BB93-FE52F20BCCC7} = {08553CD9-6F0F-489D-8C1E-512C51438FD2}
		{C284CD70-E4AD-4467-9ACF-9676A6C47FE9} = {1D5062C1-B87A-4FF6-B542-87082E052414}
		{D1BBF5D0-040B-4D35-B2C2-C1D2A0E39EC5} = {066DBC16-2D09-40AC-AE0C-8D8D519395F0}
		{16767C44-0615-4E11-A8BE-FC37B2BAAAA6} = {1D5062C1-B87A-4FF6-B542-87082E052414}
		{40D04ABC-79D3-46C9-B633-E072FC95CC6B} = {451F7CAB-39D5-47A3-ADF0-2DFE8AD9F95A}
		{0077AEC5-176A-479E-BFF8-DEDED8AED8ED} = {838ADAC4-FF5A-428E-AF75-C8498777D0F6}
		{5D7C3C27-DF36-45FA-9BA0-E9AB6FA8472E} = {838ADAC4-FF5A-428E-AF75-C8498777D0F6}
		{83C4230F-BF1D-46CC-906C-BCF18BA7743F} = {08553CD9-6F0F-489D-8C1E-512C51438FD2}
		{56021253-FE42-4C56-91C6-730D347D50AD} = {1D5062C1-B87A-4FF6-B542-87082E052414}
		{ECAA90F2-9117-4FAC-8537-C8DEE128685F} = {451F7CAB-39D5-47A3-ADF0-2DFE8AD9F95A}
		{CA09F317-6C7A-4905-80FE-B197BA1CF4FE} = {7AFBFE44-9E0A-4152-ADAD-0D247F4C3BB9}
		{C924F562-7B58-4DEC-85FE-1CD8DEFEAB4F} = {1D5062C1-B87A-4FF6-B542-87082E052414}
		{C8C3B334-D515-4CC3-A515-8554BCC8B5DD} = {1D5062C1-B87A-4FF6-B542-87082E052414}
		{41FE421C-80A8-48E9-BA15-D4B127D7B8E3} = {77C0CF9B-B088-4BB0-A6E2-572B76969F44}
		{1F47415C-ECF8-4C6F-8C58-71053BAC1AE5} = {02A8A617-AFF2-4533-BA11-B60997D6AC6F}
	EndGlobalSection
	GlobalSection(ExtensibilityGlobals) = postSolution
		SolutionGuid = {4E6205FB-34E5-4C5C-9C43-9AC95F5E8012}
	EndGlobalSection
EndGlobal
